
Microsoft Visual Studio Solution File, Format Version 12.00
# Visual Studio Version 16
VisualStudioVersion = 16.0.31605.320
MinimumVisualStudioVersion = 10.0.40219.1
Project("{FAE04EC0-301F-11D3-BF4B-00C04F79EFBC}") = "MiniBoxPracticalTask", "MiniBoxPracticalTask\MiniBoxPracticalTask.csproj", "{C660EC80-A59F-4680-8F5D-7BAEECFCD204}"
EndProject
Project("{FAE04EC0-301F-11D3-BF4B-00C04F79EFBC}") = "MiniBoxPracticalTaskTest", "MiniBoxPracticalTaskTest\MiniBoxPracticalTaskTest.csproj", "{6C6E3036-A5B3-498B-9CA1-878DFD656DC2}"
EndProject
Global
	GlobalSection(SolutionConfigurationPlatforms) = preSolution
		Debug|Any CPU = Debug|Any CPU
		Release|Any CPU = Release|Any CPU
	EndGlobalSection
	GlobalSection(ProjectConfigurationPlatforms) = postSolution
		{C660EC80-A59F-4680-8F5D-7BAEECFCD204}.Debug|Any CPU.ActiveCfg = Debug|Any CPU
		{C660EC80-A59F-4680-8F5D-7BAEECFCD204}.Debug|Any CPU.Build.0 = Debug|Any CPU
		{C660EC80-A59F-4680-8F5D-7BAEECFCD204}.Release|Any CPU.ActiveCfg = Release|Any CPU
		{C660EC80-A59F-4680-8F5D-7BAEECFCD204}.Release|Any CPU.Build.0 = Release|Any CPU
		{6C6E3036-A5B3-498B-9CA1-878DFD656DC2}.Debug|Any CPU.ActiveCfg = Debug|Any CPU
		{6C6E3036-A5B3-498B-9CA1-878DFD656DC2}.Debug|Any CPU.Build.0 = Debug|Any CPU
		{6C6E3036-A5B3-498B-9CA1-878DFD656DC2}.Release|Any CPU.ActiveCfg = Release|Any CPU
		{6C6E3036-A5B3-498B-9CA1-878DFD656DC2}.Release|Any CPU.Build.0 = Release|Any CPU
	EndGlobalSection
	GlobalSection(SolutionProperties) = preSolution
		HideSolutionNode = FALSE
	EndGlobalSection
	GlobalSection(ExtensibilityGlobals) = postSolution
		SolutionGuid = {5313E776-D988-44E1-9923-B76A8A429D19}
	EndGlobalSection
EndGlobal
